
Microsoft Visual Studio Solution File, Format Version 12.00
# Visual Studio Version 16
VisualStudioVersion = 16.0.30804.86
MinimumVisualStudioVersion = 10.0.40219.1
Project("{FAE04EC0-301F-11D3-BF4B-00C04F79EFBC}") = "OtelOtomasyonu", "OtelOtomasyonu\OtelOtomasyonu.csproj", "{F3907082-7937-4A7F-9E9C-A0D7E5E1FBA0}"
EndProject
Global
	GlobalSection(SolutionConfigurationPlatforms) = preSolution
		Debug|Any CPU = Debug|Any CPU
		Release|Any CPU = Release|Any CPU
	EndGlobalSection
	GlobalSection(ProjectConfigurationPlatforms) = postSolution
		{F3907082-7937-4A7F-9E9C-A0D7E5E1FBA0}.Debug|Any CPU.ActiveCfg = Debug|Any CPU
		{F3907082-7937-4A7F-9E9C-A0D7E5E1FBA0}.Debug|Any CPU.Build.0 = Debug|Any CPU
		{F3907082-7937-4A7F-9E9C-A0D7E5E1FBA0}.Release|Any CPU.ActiveCfg = Release|Any CPU
		{F3907082-7937-4A7F-9E9C-A0D7E5E1FBA0}.Release|Any CPU.Build.0 = Release|Any CPU
	EndGlobalSection
	GlobalSection(SolutionProperties) = preSolution
		HideSolutionNode = FALSE
	EndGlobalSection
	GlobalSection(ExtensibilityGlobals) = postSolution
		SolutionGuid = {E09625C2-555A-48D2-BA0E-EBDBEE5124CE}
	EndGlobalSection
EndGlobal
